
Microsoft Visual Studio Solution File, Format Version 12.00
# Visual Studio 15
VisualStudioVersion = 15.0.26430.4
MinimumVisualStudioVersion = 10.0.40219.1
Project("{FAE04EC0-301F-11D3-BF4B-00C04F79EFBC}") = "MessageReceiverConsole", "MessageReceiverConsole\MessageReceiverConsole.csproj", "{20BFB201-69D4-4575-AF70-05E25AF3F537}"
EndProject
Project("{FAE04EC0-301F-11D3-BF4B-00C04F79EFBC}") = "ArmController", "ArmController\ArmController.csproj", "{3E47BF3C-A633-47F5-955F-B6FF137E8105}"
EndProject
Project("{FAE04EC0-301F-11D3-BF4B-00C04F79EFBC}") = "ArmController.lib", "ArmController.lib\ArmController.lib.csproj", "{9EF62E34-9EFA-4FB9-944E-2023127614A9}"
EndProject
Project("{FAE04EC0-301F-11D3-BF4B-00C04F79EFBC}") = "ArmController.libTests", "ArmController.libTests\ArmController.libTests.csproj", "{C114E800-83FF-406B-A9E4-9C8519622F08}"
EndProject
Global
	GlobalSection(SolutionConfigurationPlatforms) = preSolution
		Debug|Any CPU = Debug|Any CPU
		Debug|ARM = Debug|ARM
		Debug|x64 = Debug|x64
		Debug|x86 = Debug|x86
		Release|Any CPU = Release|Any CPU
		Release|ARM = Release|ARM
		Release|x64 = Release|x64
		Release|x86 = Release|x86
	EndGlobalSection
	GlobalSection(ProjectConfigurationPlatforms) = postSolution
		{20BFB201-69D4-4575-AF70-05E25AF3F537}.Debug|Any CPU.ActiveCfg = Debug|Any CPU
		{20BFB201-69D4-4575-AF70-05E25AF3F537}.Debug|Any CPU.Build.0 = Debug|Any CPU
		{20BFB201-69D4-4575-AF70-05E25AF3F537}.Debug|ARM.ActiveCfg = Debug|Any CPU
		{20BFB201-69D4-4575-AF70-05E25AF3F537}.Debug|ARM.Build.0 = Debug|Any CPU
		{20BFB201-69D4-4575-AF70-05E25AF3F537}.Debug|x64.ActiveCfg = Debug|Any CPU
		{20BFB201-69D4-4575-AF70-05E25AF3F537}.Debug|x64.Build.0 = Debug|Any CPU
		{20BFB201-69D4-4575-AF70-05E25AF3F537}.Debug|x86.ActiveCfg = Debug|Any CPU
		{20BFB201-69D4-4575-AF70-05E25AF3F537}.Debug|x86.Build.0 = Debug|Any CPU
		{20BFB201-69D4-4575-AF70-05E25AF3F537}.Release|Any CPU.ActiveCfg = Release|Any CPU
		{20BFB201-69D4-4575-AF70-05E25AF3F537}.Release|Any CPU.Build.0 = Release|Any CPU
		{20BFB201-69D4-4575-AF70-05E25AF3F537}.Release|ARM.ActiveCfg = Release|Any CPU
		{20BFB201-69D4-4575-AF70-05E25AF3F537}.Release|ARM.Build.0 = Release|Any CPU
		{20BFB201-69D4-4575-AF70-05E25AF3F537}.Release|x64.ActiveCfg = Release|Any CPU
		{20BFB201-69D4-4575-AF70-05E25AF3F537}.Release|x64.Build.0 = Release|Any CPU
		{20BFB201-69D4-4575-AF70-05E25AF3F537}.Release|x86.ActiveCfg = Release|Any CPU
		{20BFB201-69D4-4575-AF70-05E25AF3F537}.Release|x86.Build.0 = Release|Any CPU
		{3E47BF3C-A633-47F5-955F-B6FF137E8105}.Debug|Any CPU.ActiveCfg = Debug|Any CPU
		{3E47BF3C-A633-47F5-955F-B6FF137E8105}.Debug|Any CPU.Build.0 = Debug|Any CPU
		{3E47BF3C-A633-47F5-955F-B6FF137E8105}.Debug|ARM.ActiveCfg = Debug|Any CPU
		{3E47BF3C-A633-47F5-955F-B6FF137E8105}.Debug|ARM.Build.0 = Debug|Any CPU
		{3E47BF3C-A633-47F5-955F-B6FF137E8105}.Debug|x64.ActiveCfg = Debug|x64
		{3E47BF3C-A633-47F5-955F-B6FF137E8105}.Debug|x64.Build.0 = Debug|x64
		{3E47BF3C-A633-47F5-955F-B6FF137E8105}.Debug|x86.ActiveCfg = Debug|Any CPU
		{3E47BF3C-A633-47F5-955F-B6FF137E8105}.Debug|x86.Build.0 = Debug|Any CPU
		{3E47BF3C-A633-47F5-955F-B6FF137E8105}.Release|Any CPU.ActiveCfg = Release|Any CPU
		{3E47BF3C-A633-47F5-955F-B6FF137E8105}.Release|Any CPU.Build.0 = Release|Any CPU
		{3E47BF3C-A633-47F5-955F-B6FF137E8105}.Release|ARM.ActiveCfg = Release|Any CPU
		{3E47BF3C-A633-47F5-955F-B6FF137E8105}.Release|ARM.Build.0 = Release|Any CPU
		{3E47BF3C-A633-47F5-955F-B6FF137E8105}.Release|x64.ActiveCfg = Release|Any CPU
		{3E47BF3C-A633-47F5-955F-B6FF137E8105}.Release|x64.Build.0 = Release|Any CPU
		{3E47BF3C-A633-47F5-955F-B6FF137E8105}.Release|x86.ActiveCfg = Release|Any CPU
		{3E47BF3C-A633-47F5-955F-B6FF137E8105}.Release|x86.Build.0 = Release|Any CPU
		{9EF62E34-9EFA-4FB9-944E-2023127614A9}.Debug|Any CPU.ActiveCfg = Debug|Any CPU
		{9EF62E34-9EFA-4FB9-944E-2023127614A9}.Debug|Any CPU.Build.0 = Debug|Any CPU
		{9EF62E34-9EFA-4FB9-944E-2023127614A9}.Debug|ARM.ActiveCfg = Debug|Any CPU
		{9EF62E34-9EFA-4FB9-944E-2023127614A9}.Debug|ARM.Build.0 = Debug|Any CPU
		{9EF62E34-9EFA-4FB9-944E-2023127614A9}.Debug|x64.ActiveCfg = Debug|x64
		{9EF62E34-9EFA-4FB9-944E-2023127614A9}.Debug|x64.Build.0 = Debug|x64
		{9EF62E34-9EFA-4FB9-944E-2023127614A9}.Debug|x86.ActiveCfg = Debug|Any CPU
		{9EF62E34-9EFA-4FB9-944E-2023127614A9}.Debug|x86.Build.0 = Debug|Any CPU
		{9EF62E34-9EFA-4FB9-944E-2023127614A9}.Release|Any CPU.ActiveCfg = Release|Any CPU
		{9EF62E34-9EFA-4FB9-944E-2023127614A9}.Release|Any CPU.Build.0 = Release|Any CPU
		{9EF62E34-9EFA-4FB9-944E-2023127614A9}.Release|ARM.ActiveCfg = Release|Any CPU
		{9EF62E34-9EFA-4FB9-944E-2023127614A9}.Release|ARM.Build.0 = Release|Any CPU
		{9EF62E34-9EFA-4FB9-944E-2023127614A9}.Release|x64.ActiveCfg = Release|Any CPU
		{9EF62E34-9EFA-4FB9-944E-2023127614A9}.Release|x64.Build.0 = Release|Any CPU
		{9EF62E34-9EFA-4FB9-944E-2023127614A9}.Release|x86.ActiveCfg = Release|Any CPU
		{9EF62E34-9EFA-4FB9-944E-2023127614A9}.Release|x86.Build.0 = Release|Any CPU
		{C114E800-83FF-406B-A9E4-9C8519622F08}.Debug|Any CPU.ActiveCfg = Debug|Any CPU
		{C114E800-83FF-406B-A9E4-9C8519622F08}.Debug|Any CPU.Build.0 = Debug|Any CPU
		{C114E800-83FF-406B-A9E4-9C8519622F08}.Debug|ARM.ActiveCfg = Debug|Any CPU
		{C114E800-83FF-406B-A9E4-9C8519622F08}.Debug|ARM.Build.0 = Debug|Any CPU
		{C114E800-83FF-406B-A9E4-9C8519622F08}.Debug|x64.ActiveCfg = Debug|x64
		{C114E800-83FF-406B-A9E4-9C8519622F08}.Debug|x64.Build.0 = Debug|x64
		{C114E800-83FF-406B-A9E4-9C8519622F08}.Debug|x86.ActiveCfg = Debug|Any CPU
		{C114E800-83FF-406B-A9E4-9C8519622F08}.Debug|x86.Build.0 = Debug|Any CPU
		{C114E800-83FF-406B-A9E4-9C8519622F08}.Release|Any CPU.ActiveCfg = Release|Any CPU
		{C114E800-83FF-406B-A9E4-9C8519622F08}.Release|Any CPU.Build.0 = Release|Any CPU
		{C114E800-83FF-406B-A9E4-9C8519622F08}.Release|ARM.ActiveCfg = Release|Any CPU
		{C114E800-83FF-406B-A9E4-9C8519622F08}.Release|ARM.Build.0 = Release|Any CPU
		{C114E800-83FF-406B-A9E4-9C8519622F08}.Release|x64.ActiveCfg = Release|Any CPU
		{C114E800-83FF-406B-A9E4-9C8519622F08}.Release|x64.Build.0 = Release|Any CPU
		{C114E800-83FF-406B-A9E4-9C8519622F08}.Release|x86.ActiveCfg = Release|Any CPU
		{C114E800-83FF-406B-A9E4-9C8519622F08}.Release|x86.Build.0 = Release|Any CPU
	EndGlobalSection
	GlobalSection(SolutionProperties) = preSolution
		HideSolutionNode = FALSE
	EndGlobalSection
EndGlobal
