
Microsoft Visual Studio Solution File, Format Version 12.00
# Visual Studio 15
VisualStudioVersion = 15.0.26403.7
MinimumVisualStudioVersion = 10.0.40219.1
Project("{FAE04EC0-301F-11D3-BF4B-00C04F79EFBC}") = "MessageReceiverConsole", "MessageReceiverConsole\MessageReceiverConsole.csproj", "{20BFB201-69D4-4575-AF70-05E25AF3F537}"
EndProject
Project("{FAE04EC0-301F-11D3-BF4B-00C04F79EFBC}") = "ArmController", "ArmController\ArmController.csproj", "{3E47BF3C-A633-47F5-955F-B6FF137E8105}"
EndProject
Project("{FAE04EC0-301F-11D3-BF4B-00C04F79EFBC}") = "ArmController.lib", "ArmController.lib\ArmController.lib.csproj", "{9EF62E34-9EFA-4FB9-944E-2023127614A9}"
EndProject
Project("{FAE04EC0-301F-11D3-BF4B-00C04F79EFBC}") = "ArmController.libTests", "ArmController.libTests\ArmController.libTests.csproj", "{C114E800-83FF-406B-A9E4-9C8519622F08}"
EndProject
Project("{FAE04EC0-301F-11D3-BF4B-00C04F79EFBC}") = "ArmController.Models", "ArmController.Models\ArmController.Models.csproj", "{60B904C7-ABBB-4309-BA73-02BA561BB73F}"
EndProject
Project("{2150E333-8FDC-42A3-9474-1A3956D46DE8}") = "Tests", "Tests", "{DB1E9B8E-EA9F-46B9-AE3A-7FAC714CFF13}"
EndProject
Project("{2150E333-8FDC-42A3-9474-1A3956D46DE8}") = "Cloud", "Cloud", "{E3BA6389-6B2B-468B-877C-57F37E9E2198}"
EndProject
Project("{A07B5EB6-E848-4116-A8D0-A826331D98C6}") = "CloudBrian", "CloudBrian\CloudBrian.sfproj", "{877A89FC-89B0-4397-A012-D70700D15CA3}"
EndProject
Project("{FAE04EC0-301F-11D3-BF4B-00C04F79EFBC}") = "ArmApi", "ArmApi\ArmApi.csproj", "{1E6083AA-D077-4E4F-B384-AD65FCBBE312}"
EndProject
Project("{FAE04EC0-301F-11D3-BF4B-00C04F79EFBC}") = "ArmActor", "ArmActor\ArmActor.csproj", "{8CD38420-A3F7-4B3B-8F7F-D8A98500C0E4}"
EndProject
Project("{FAE04EC0-301F-11D3-BF4B-00C04F79EFBC}") = "ArmActor.Interfaces", "ArmActor.Interfaces\ArmActor.Interfaces.csproj", "{03AB3493-4E02-403E-BA22-D93FCBE0B112}"
EndProject
Project("{FAE04EC0-301F-11D3-BF4B-00C04F79EFBC}") = "Hamsa.Common", "Hamsa.Common\Hamsa.Common.csproj", "{84470DD5-B606-40C3-9B37-0959707B5E77}"
EndProject
Project("{FAE04EC0-301F-11D3-BF4B-00C04F79EFBC}") = "Hamsa.Device", "Hamsa.Device\Hamsa.Device.csproj", "{DE57301B-9788-42FF-862B-603443C5E4C2}"
EndProject
Project("{FAE04EC0-301F-11D3-BF4B-00C04F79EFBC}") = "Hamsa.UI", "Hamsa.UI\Hamsa.UI.csproj", "{58A401D5-064F-48E4-9E38-138A56862746}"
EndProject
Global
	GlobalSection(SolutionConfigurationPlatforms) = preSolution
		Debug|Any CPU = Debug|Any CPU
		Debug|ARM = Debug|ARM
		Debug|x64 = Debug|x64
		Debug|x86 = Debug|x86
		Release|Any CPU = Release|Any CPU
		Release|ARM = Release|ARM
		Release|x64 = Release|x64
		Release|x86 = Release|x86
	EndGlobalSection
	GlobalSection(ProjectConfigurationPlatforms) = postSolution
		{20BFB201-69D4-4575-AF70-05E25AF3F537}.Debug|Any CPU.ActiveCfg = Debug|Any CPU
		{20BFB201-69D4-4575-AF70-05E25AF3F537}.Debug|Any CPU.Build.0 = Debug|Any CPU
		{20BFB201-69D4-4575-AF70-05E25AF3F537}.Debug|ARM.ActiveCfg = Debug|Any CPU
		{20BFB201-69D4-4575-AF70-05E25AF3F537}.Debug|ARM.Build.0 = Debug|Any CPU
		{20BFB201-69D4-4575-AF70-05E25AF3F537}.Debug|x64.ActiveCfg = Debug|x64
		{20BFB201-69D4-4575-AF70-05E25AF3F537}.Debug|x64.Build.0 = Debug|x64
		{20BFB201-69D4-4575-AF70-05E25AF3F537}.Debug|x86.ActiveCfg = Debug|Any CPU
		{20BFB201-69D4-4575-AF70-05E25AF3F537}.Debug|x86.Build.0 = Debug|Any CPU
		{20BFB201-69D4-4575-AF70-05E25AF3F537}.Release|Any CPU.ActiveCfg = Release|Any CPU
		{20BFB201-69D4-4575-AF70-05E25AF3F537}.Release|Any CPU.Build.0 = Release|Any CPU
		{20BFB201-69D4-4575-AF70-05E25AF3F537}.Release|ARM.ActiveCfg = Release|Any CPU
		{20BFB201-69D4-4575-AF70-05E25AF3F537}.Release|ARM.Build.0 = Release|Any CPU
		{20BFB201-69D4-4575-AF70-05E25AF3F537}.Release|x64.ActiveCfg = Release|Any CPU
		{20BFB201-69D4-4575-AF70-05E25AF3F537}.Release|x64.Build.0 = Release|Any CPU
		{20BFB201-69D4-4575-AF70-05E25AF3F537}.Release|x86.ActiveCfg = Release|Any CPU
		{20BFB201-69D4-4575-AF70-05E25AF3F537}.Release|x86.Build.0 = Release|Any CPU
		{3E47BF3C-A633-47F5-955F-B6FF137E8105}.Debug|Any CPU.ActiveCfg = Debug|x64
		{3E47BF3C-A633-47F5-955F-B6FF137E8105}.Debug|Any CPU.Build.0 = Debug|x64
		{3E47BF3C-A633-47F5-955F-B6FF137E8105}.Debug|ARM.ActiveCfg = Debug|Any CPU
		{3E47BF3C-A633-47F5-955F-B6FF137E8105}.Debug|ARM.Build.0 = Debug|Any CPU
		{3E47BF3C-A633-47F5-955F-B6FF137E8105}.Debug|x64.ActiveCfg = Debug|x64
		{3E47BF3C-A633-47F5-955F-B6FF137E8105}.Debug|x64.Build.0 = Debug|x64
		{3E47BF3C-A633-47F5-955F-B6FF137E8105}.Debug|x86.ActiveCfg = Debug|Any CPU
		{3E47BF3C-A633-47F5-955F-B6FF137E8105}.Debug|x86.Build.0 = Debug|Any CPU
		{3E47BF3C-A633-47F5-955F-B6FF137E8105}.Release|Any CPU.ActiveCfg = Release|Any CPU
		{3E47BF3C-A633-47F5-955F-B6FF137E8105}.Release|Any CPU.Build.0 = Release|Any CPU
		{3E47BF3C-A633-47F5-955F-B6FF137E8105}.Release|ARM.ActiveCfg = Release|Any CPU
		{3E47BF3C-A633-47F5-955F-B6FF137E8105}.Release|ARM.Build.0 = Release|Any CPU
		{3E47BF3C-A633-47F5-955F-B6FF137E8105}.Release|x64.ActiveCfg = Release|Any CPU
		{3E47BF3C-A633-47F5-955F-B6FF137E8105}.Release|x64.Build.0 = Release|Any CPU
		{3E47BF3C-A633-47F5-955F-B6FF137E8105}.Release|x86.ActiveCfg = Release|Any CPU
		{3E47BF3C-A633-47F5-955F-B6FF137E8105}.Release|x86.Build.0 = Release|Any CPU
		{9EF62E34-9EFA-4FB9-944E-2023127614A9}.Debug|Any CPU.ActiveCfg = Debug|x64
		{9EF62E34-9EFA-4FB9-944E-2023127614A9}.Debug|Any CPU.Build.0 = Debug|x64
		{9EF62E34-9EFA-4FB9-944E-2023127614A9}.Debug|ARM.ActiveCfg = Debug|Any CPU
		{9EF62E34-9EFA-4FB9-944E-2023127614A9}.Debug|ARM.Build.0 = Debug|Any CPU
		{9EF62E34-9EFA-4FB9-944E-2023127614A9}.Debug|x64.ActiveCfg = Debug|x64
		{9EF62E34-9EFA-4FB9-944E-2023127614A9}.Debug|x64.Build.0 = Debug|x64
		{9EF62E34-9EFA-4FB9-944E-2023127614A9}.Debug|x86.ActiveCfg = Debug|Any CPU
		{9EF62E34-9EFA-4FB9-944E-2023127614A9}.Debug|x86.Build.0 = Debug|Any CPU
		{9EF62E34-9EFA-4FB9-944E-2023127614A9}.Release|Any CPU.ActiveCfg = Release|Any CPU
		{9EF62E34-9EFA-4FB9-944E-2023127614A9}.Release|Any CPU.Build.0 = Release|Any CPU
		{9EF62E34-9EFA-4FB9-944E-2023127614A9}.Release|ARM.ActiveCfg = Release|Any CPU
		{9EF62E34-9EFA-4FB9-944E-2023127614A9}.Release|ARM.Build.0 = Release|Any CPU
		{9EF62E34-9EFA-4FB9-944E-2023127614A9}.Release|x64.ActiveCfg = Release|Any CPU
		{9EF62E34-9EFA-4FB9-944E-2023127614A9}.Release|x64.Build.0 = Release|Any CPU
		{9EF62E34-9EFA-4FB9-944E-2023127614A9}.Release|x86.ActiveCfg = Release|Any CPU
		{9EF62E34-9EFA-4FB9-944E-2023127614A9}.Release|x86.Build.0 = Release|Any CPU
		{C114E800-83FF-406B-A9E4-9C8519622F08}.Debug|Any CPU.ActiveCfg = Debug|x64
		{C114E800-83FF-406B-A9E4-9C8519622F08}.Debug|Any CPU.Build.0 = Debug|x64
		{C114E800-83FF-406B-A9E4-9C8519622F08}.Debug|ARM.ActiveCfg = Debug|Any CPU
		{C114E800-83FF-406B-A9E4-9C8519622F08}.Debug|ARM.Build.0 = Debug|Any CPU
		{C114E800-83FF-406B-A9E4-9C8519622F08}.Debug|x64.ActiveCfg = Debug|x64
		{C114E800-83FF-406B-A9E4-9C8519622F08}.Debug|x64.Build.0 = Debug|x64
		{C114E800-83FF-406B-A9E4-9C8519622F08}.Debug|x86.ActiveCfg = Debug|Any CPU
		{C114E800-83FF-406B-A9E4-9C8519622F08}.Debug|x86.Build.0 = Debug|Any CPU
		{C114E800-83FF-406B-A9E4-9C8519622F08}.Release|Any CPU.ActiveCfg = Release|Any CPU
		{C114E800-83FF-406B-A9E4-9C8519622F08}.Release|Any CPU.Build.0 = Release|Any CPU
		{C114E800-83FF-406B-A9E4-9C8519622F08}.Release|ARM.ActiveCfg = Release|Any CPU
		{C114E800-83FF-406B-A9E4-9C8519622F08}.Release|ARM.Build.0 = Release|Any CPU
		{C114E800-83FF-406B-A9E4-9C8519622F08}.Release|x64.ActiveCfg = Release|Any CPU
		{C114E800-83FF-406B-A9E4-9C8519622F08}.Release|x64.Build.0 = Release|Any CPU
		{C114E800-83FF-406B-A9E4-9C8519622F08}.Release|x86.ActiveCfg = Release|Any CPU
		{C114E800-83FF-406B-A9E4-9C8519622F08}.Release|x86.Build.0 = Release|Any CPU
		{60B904C7-ABBB-4309-BA73-02BA561BB73F}.Debug|Any CPU.ActiveCfg = Debug|Any CPU
		{60B904C7-ABBB-4309-BA73-02BA561BB73F}.Debug|Any CPU.Build.0 = Debug|Any CPU
		{60B904C7-ABBB-4309-BA73-02BA561BB73F}.Debug|ARM.ActiveCfg = Debug|Any CPU
		{60B904C7-ABBB-4309-BA73-02BA561BB73F}.Debug|ARM.Build.0 = Debug|Any CPU
		{60B904C7-ABBB-4309-BA73-02BA561BB73F}.Debug|x64.ActiveCfg = Debug|x64
		{60B904C7-ABBB-4309-BA73-02BA561BB73F}.Debug|x64.Build.0 = Debug|x64
		{60B904C7-ABBB-4309-BA73-02BA561BB73F}.Debug|x86.ActiveCfg = Debug|Any CPU
		{60B904C7-ABBB-4309-BA73-02BA561BB73F}.Debug|x86.Build.0 = Debug|Any CPU
		{60B904C7-ABBB-4309-BA73-02BA561BB73F}.Release|Any CPU.ActiveCfg = Release|Any CPU
		{60B904C7-ABBB-4309-BA73-02BA561BB73F}.Release|Any CPU.Build.0 = Release|Any CPU
		{60B904C7-ABBB-4309-BA73-02BA561BB73F}.Release|ARM.ActiveCfg = Release|Any CPU
		{60B904C7-ABBB-4309-BA73-02BA561BB73F}.Release|ARM.Build.0 = Release|Any CPU
		{60B904C7-ABBB-4309-BA73-02BA561BB73F}.Release|x64.ActiveCfg = Release|Any CPU
		{60B904C7-ABBB-4309-BA73-02BA561BB73F}.Release|x64.Build.0 = Release|Any CPU
		{60B904C7-ABBB-4309-BA73-02BA561BB73F}.Release|x86.ActiveCfg = Release|Any CPU
		{60B904C7-ABBB-4309-BA73-02BA561BB73F}.Release|x86.Build.0 = Release|Any CPU
		{877A89FC-89B0-4397-A012-D70700D15CA3}.Debug|Any CPU.ActiveCfg = Debug|x64
		{877A89FC-89B0-4397-A012-D70700D15CA3}.Debug|ARM.ActiveCfg = Debug|x64
		{877A89FC-89B0-4397-A012-D70700D15CA3}.Debug|x64.ActiveCfg = Debug|x64
		{877A89FC-89B0-4397-A012-D70700D15CA3}.Debug|x64.Build.0 = Debug|x64
		{877A89FC-89B0-4397-A012-D70700D15CA3}.Debug|x64.Deploy.0 = Debug|x64
		{877A89FC-89B0-4397-A012-D70700D15CA3}.Debug|x86.ActiveCfg = Debug|x64
		{877A89FC-89B0-4397-A012-D70700D15CA3}.Release|Any CPU.ActiveCfg = Release|x64
		{877A89FC-89B0-4397-A012-D70700D15CA3}.Release|ARM.ActiveCfg = Release|x64
		{877A89FC-89B0-4397-A012-D70700D15CA3}.Release|x64.ActiveCfg = Release|x64
		{877A89FC-89B0-4397-A012-D70700D15CA3}.Release|x64.Build.0 = Release|x64
		{877A89FC-89B0-4397-A012-D70700D15CA3}.Release|x64.Deploy.0 = Release|x64
		{877A89FC-89B0-4397-A012-D70700D15CA3}.Release|x86.ActiveCfg = Release|x64
		{1E6083AA-D077-4E4F-B384-AD65FCBBE312}.Debug|Any CPU.ActiveCfg = Debug|x64
		{1E6083AA-D077-4E4F-B384-AD65FCBBE312}.Debug|ARM.ActiveCfg = Debug|x64
		{1E6083AA-D077-4E4F-B384-AD65FCBBE312}.Debug|x64.ActiveCfg = Debug|x64
		{1E6083AA-D077-4E4F-B384-AD65FCBBE312}.Debug|x64.Build.0 = Debug|x64
		{1E6083AA-D077-4E4F-B384-AD65FCBBE312}.Debug|x86.ActiveCfg = Debug|x64
		{1E6083AA-D077-4E4F-B384-AD65FCBBE312}.Release|Any CPU.ActiveCfg = Release|x64
		{1E6083AA-D077-4E4F-B384-AD65FCBBE312}.Release|ARM.ActiveCfg = Release|x64
		{1E6083AA-D077-4E4F-B384-AD65FCBBE312}.Release|x64.ActiveCfg = Release|x64
		{1E6083AA-D077-4E4F-B384-AD65FCBBE312}.Release|x64.Build.0 = Release|x64
		{1E6083AA-D077-4E4F-B384-AD65FCBBE312}.Release|x86.ActiveCfg = Release|x64
		{8CD38420-A3F7-4B3B-8F7F-D8A98500C0E4}.Debug|Any CPU.ActiveCfg = Debug|x64
		{8CD38420-A3F7-4B3B-8F7F-D8A98500C0E4}.Debug|ARM.ActiveCfg = Debug|x64
		{8CD38420-A3F7-4B3B-8F7F-D8A98500C0E4}.Debug|x64.ActiveCfg = Debug|x64
		{8CD38420-A3F7-4B3B-8F7F-D8A98500C0E4}.Debug|x64.Build.0 = Debug|x64
		{8CD38420-A3F7-4B3B-8F7F-D8A98500C0E4}.Debug|x86.ActiveCfg = Debug|x64
		{8CD38420-A3F7-4B3B-8F7F-D8A98500C0E4}.Release|Any CPU.ActiveCfg = Release|x64
		{8CD38420-A3F7-4B3B-8F7F-D8A98500C0E4}.Release|ARM.ActiveCfg = Release|x64
		{8CD38420-A3F7-4B3B-8F7F-D8A98500C0E4}.Release|x64.ActiveCfg = Release|x64
		{8CD38420-A3F7-4B3B-8F7F-D8A98500C0E4}.Release|x64.Build.0 = Release|x64
		{8CD38420-A3F7-4B3B-8F7F-D8A98500C0E4}.Release|x86.ActiveCfg = Release|x64
		{03AB3493-4E02-403E-BA22-D93FCBE0B112}.Debug|Any CPU.ActiveCfg = Debug|x64
		{03AB3493-4E02-403E-BA22-D93FCBE0B112}.Debug|ARM.ActiveCfg = Debug|x64
		{03AB3493-4E02-403E-BA22-D93FCBE0B112}.Debug|x64.ActiveCfg = Debug|x64
		{03AB3493-4E02-403E-BA22-D93FCBE0B112}.Debug|x64.Build.0 = Debug|x64
		{03AB3493-4E02-403E-BA22-D93FCBE0B112}.Debug|x86.ActiveCfg = Debug|x64
		{03AB3493-4E02-403E-BA22-D93FCBE0B112}.Release|Any CPU.ActiveCfg = Release|x64
		{03AB3493-4E02-403E-BA22-D93FCBE0B112}.Release|ARM.ActiveCfg = Release|x64
		{03AB3493-4E02-403E-BA22-D93FCBE0B112}.Release|x64.ActiveCfg = Release|x64
		{03AB3493-4E02-403E-BA22-D93FCBE0B112}.Release|x64.Build.0 = Release|x64
		{03AB3493-4E02-403E-BA22-D93FCBE0B112}.Release|x86.ActiveCfg = Release|x64
		{84470DD5-B606-40C3-9B37-0959707B5E77}.Debug|Any CPU.ActiveCfg = Debug|Any CPU
		{84470DD5-B606-40C3-9B37-0959707B5E77}.Debug|Any CPU.Build.0 = Debug|Any CPU
		{84470DD5-B606-40C3-9B37-0959707B5E77}.Debug|ARM.ActiveCfg = Debug|Any CPU
		{84470DD5-B606-40C3-9B37-0959707B5E77}.Debug|ARM.Build.0 = Debug|Any CPU
		{84470DD5-B606-40C3-9B37-0959707B5E77}.Debug|x64.ActiveCfg = Debug|Any CPU
		{84470DD5-B606-40C3-9B37-0959707B5E77}.Debug|x64.Build.0 = Debug|Any CPU
		{84470DD5-B606-40C3-9B37-0959707B5E77}.Debug|x86.ActiveCfg = Debug|Any CPU
		{84470DD5-B606-40C3-9B37-0959707B5E77}.Debug|x86.Build.0 = Debug|Any CPU
		{84470DD5-B606-40C3-9B37-0959707B5E77}.Release|Any CPU.ActiveCfg = Release|Any CPU
		{84470DD5-B606-40C3-9B37-0959707B5E77}.Release|Any CPU.Build.0 = Release|Any CPU
		{84470DD5-B606-40C3-9B37-0959707B5E77}.Release|ARM.ActiveCfg = Release|Any CPU
		{84470DD5-B606-40C3-9B37-0959707B5E77}.Release|ARM.Build.0 = Release|Any CPU
		{84470DD5-B606-40C3-9B37-0959707B5E77}.Release|x64.ActiveCfg = Release|Any CPU
		{84470DD5-B606-40C3-9B37-0959707B5E77}.Release|x64.Build.0 = Release|Any CPU
		{84470DD5-B606-40C3-9B37-0959707B5E77}.Release|x86.ActiveCfg = Release|Any CPU
		{84470DD5-B606-40C3-9B37-0959707B5E77}.Release|x86.Build.0 = Release|Any CPU
		{DE57301B-9788-42FF-862B-603443C5E4C2}.Debug|Any CPU.ActiveCfg = Debug|Any CPU
		{DE57301B-9788-42FF-862B-603443C5E4C2}.Debug|Any CPU.Build.0 = Debug|Any CPU
		{DE57301B-9788-42FF-862B-603443C5E4C2}.Debug|ARM.ActiveCfg = Debug|Any CPU
		{DE57301B-9788-42FF-862B-603443C5E4C2}.Debug|ARM.Build.0 = Debug|Any CPU
		{DE57301B-9788-42FF-862B-603443C5E4C2}.Debug|x64.ActiveCfg = Debug|Any CPU
		{DE57301B-9788-42FF-862B-603443C5E4C2}.Debug|x64.Build.0 = Debug|Any CPU
		{DE57301B-9788-42FF-862B-603443C5E4C2}.Debug|x86.ActiveCfg = Debug|Any CPU
		{DE57301B-9788-42FF-862B-603443C5E4C2}.Debug|x86.Build.0 = Debug|Any CPU
		{DE57301B-9788-42FF-862B-603443C5E4C2}.Release|Any CPU.ActiveCfg = Release|Any CPU
		{DE57301B-9788-42FF-862B-603443C5E4C2}.Release|Any CPU.Build.0 = Release|Any CPU
		{DE57301B-9788-42FF-862B-603443C5E4C2}.Release|ARM.ActiveCfg = Release|Any CPU
		{DE57301B-9788-42FF-862B-603443C5E4C2}.Release|ARM.Build.0 = Release|Any CPU
		{DE57301B-9788-42FF-862B-603443C5E4C2}.Release|x64.ActiveCfg = Release|Any CPU
		{DE57301B-9788-42FF-862B-603443C5E4C2}.Release|x64.Build.0 = Release|Any CPU
		{DE57301B-9788-42FF-862B-603443C5E4C2}.Release|x86.ActiveCfg = Release|Any CPU
		{DE57301B-9788-42FF-862B-603443C5E4C2}.Release|x86.Build.0 = Release|Any CPU
		{58A401D5-064F-48E4-9E38-138A56862746}.Debug|Any CPU.ActiveCfg = Debug|Any CPU
		{58A401D5-064F-48E4-9E38-138A56862746}.Debug|Any CPU.Build.0 = Debug|Any CPU
		{58A401D5-064F-48E4-9E38-138A56862746}.Debug|ARM.ActiveCfg = Debug|Any CPU
		{58A401D5-064F-48E4-9E38-138A56862746}.Debug|ARM.Build.0 = Debug|Any CPU
		{58A401D5-064F-48E4-9E38-138A56862746}.Debug|x64.ActiveCfg = Debug|Any CPU
		{58A401D5-064F-48E4-9E38-138A56862746}.Debug|x64.Build.0 = Debug|Any CPU
		{58A401D5-064F-48E4-9E38-138A56862746}.Debug|x86.ActiveCfg = Debug|Any CPU
		{58A401D5-064F-48E4-9E38-138A56862746}.Debug|x86.Build.0 = Debug|Any CPU
		{58A401D5-064F-48E4-9E38-138A56862746}.Release|Any CPU.ActiveCfg = Release|Any CPU
		{58A401D5-064F-48E4-9E38-138A56862746}.Release|Any CPU.Build.0 = Release|Any CPU
		{58A401D5-064F-48E4-9E38-138A56862746}.Release|ARM.ActiveCfg = Release|Any CPU
		{58A401D5-064F-48E4-9E38-138A56862746}.Release|ARM.Build.0 = Release|Any CPU
		{58A401D5-064F-48E4-9E38-138A56862746}.Release|x64.ActiveCfg = Release|Any CPU
		{58A401D5-064F-48E4-9E38-138A56862746}.Release|x64.Build.0 = Release|Any CPU
		{58A401D5-064F-48E4-9E38-138A56862746}.Release|x86.ActiveCfg = Release|Any CPU
		{58A401D5-064F-48E4-9E38-138A56862746}.Release|x86.Build.0 = Release|Any CPU
	EndGlobalSection
	GlobalSection(SolutionProperties) = preSolution
		HideSolutionNode = FALSE
	EndGlobalSection
	GlobalSection(NestedProjects) = preSolution
		{C114E800-83FF-406B-A9E4-9C8519622F08} = {DB1E9B8E-EA9F-46B9-AE3A-7FAC714CFF13}
		{877A89FC-89B0-4397-A012-D70700D15CA3} = {E3BA6389-6B2B-468B-877C-57F37E9E2198}
		{1E6083AA-D077-4E4F-B384-AD65FCBBE312} = {E3BA6389-6B2B-468B-877C-57F37E9E2198}
		{8CD38420-A3F7-4B3B-8F7F-D8A98500C0E4} = {E3BA6389-6B2B-468B-877C-57F37E9E2198}
		{03AB3493-4E02-403E-BA22-D93FCBE0B112} = {E3BA6389-6B2B-468B-877C-57F37E9E2198}
	EndGlobalSection
EndGlobal
